
Microsoft Visual Studio Solution File, Format Version 12.00
# Visual Studio 15
VisualStudioVersion = 15.0.28010.2046
MinimumVisualStudioVersion = 10.0.40219.1
Project("{FAE04EC0-301F-11D3-BF4B-00C04F79EFBC}") = "SocialPuentes", "SocialPuentes\SocialPuentes.csproj", "{ACDF12B8-BBA9-4F78-866D-7DE76A3A57B3}"
EndProject
Global
	GlobalSection(SolutionConfigurationPlatforms) = preSolution
		Debug|Any CPU = Debug|Any CPU
		Release|Any CPU = Release|Any CPU
	EndGlobalSection
	GlobalSection(ProjectConfigurationPlatforms) = postSolution
		{ACDF12B8-BBA9-4F78-866D-7DE76A3A57B3}.Debug|Any CPU.ActiveCfg = Debug|Any CPU
		{ACDF12B8-BBA9-4F78-866D-7DE76A3A57B3}.Debug|Any CPU.Build.0 = Debug|Any CPU
		{ACDF12B8-BBA9-4F78-866D-7DE76A3A57B3}.Release|Any CPU.ActiveCfg = Release|Any CPU
		{ACDF12B8-BBA9-4F78-866D-7DE76A3A57B3}.Release|Any CPU.Build.0 = Release|Any CPU
	EndGlobalSection
	GlobalSection(SolutionProperties) = preSolution
		HideSolutionNode = FALSE
	EndGlobalSection
	GlobalSection(ExtensibilityGlobals) = postSolution
		SolutionGuid = {EFB3DA65-3709-4C04-960F-0A582CC7B21D}
	EndGlobalSection
EndGlobal
